
Microsoft Visual Studio Solution File, Format Version 12.00
# Visual Studio Version 16
VisualStudioVersion = 16.0.31321.278
MinimumVisualStudioVersion = 10.0.40219.1
Project("{FAE04EC0-301F-11D3-BF4B-00C04F79EFBC}") = "IPT2_Einführung Datenbank", "IPT2_Einführung Datenbank.csproj", "{6D94C7A3-0B48-45B1-9E5D-1A9CF0D2ADE2}"
EndProject
Global
	GlobalSection(SolutionConfigurationPlatforms) = preSolution
		Debug|Any CPU = Debug|Any CPU
		Release|Any CPU = Release|Any CPU
	EndGlobalSection
	GlobalSection(ProjectConfigurationPlatforms) = postSolution
		{6D94C7A3-0B48-45B1-9E5D-1A9CF0D2ADE2}.Debug|Any CPU.ActiveCfg = Debug|Any CPU
		{6D94C7A3-0B48-45B1-9E5D-1A9CF0D2ADE2}.Debug|Any CPU.Build.0 = Debug|Any CPU
		{6D94C7A3-0B48-45B1-9E5D-1A9CF0D2ADE2}.Release|Any CPU.ActiveCfg = Release|Any CPU
		{6D94C7A3-0B48-45B1-9E5D-1A9CF0D2ADE2}.Release|Any CPU.Build.0 = Release|Any CPU
	EndGlobalSection
	GlobalSection(SolutionProperties) = preSolution
		HideSolutionNode = FALSE
	EndGlobalSection
	GlobalSection(ExtensibilityGlobals) = postSolution
		SolutionGuid = {E21F80F5-471F-446C-A619-DB17E66040F0}
	EndGlobalSection
EndGlobal
