
Microsoft Visual Studio Solution File, Format Version 12.00
# Visual Studio Version 16
VisualStudioVersion = 16.0.30413.136
MinimumVisualStudioVersion = 10.0.40219.1
Project("{FAE04EC0-301F-11D3-BF4B-00C04F79EFBC}") = "Aufgabe02", "Aufgabe02\Aufgabe02.csproj", "{876F99DD-AC53-46A9-8485-50C7B7B9F9DB}"
EndProject
Project("{FAE04EC0-301F-11D3-BF4B-00C04F79EFBC}") = "Aufgabe01", "Aufgabe01\Aufgabe01.csproj", "{8B7D6A76-AC31-4D68-ABAF-E4561B5109A9}"
EndProject
Project("{9A19103F-16F7-4668-BE54-9A1E7A4F7556}") = "Aufgabe04", "Aufgabe04\Aufgabe04.csproj", "{BA337F0C-C7ED-4C37-8D12-66A5B7B3A38C}"
EndProject
Project("{9A19103F-16F7-4668-BE54-9A1E7A4F7556}") = "Aufgabe03", "Aufgabe03\Aufgabe03.csproj", "{92ED44E3-4F56-40C6-93B7-6AFC87658EDC}"
EndProject
Global
	GlobalSection(SolutionConfigurationPlatforms) = preSolution
		Debug|Any CPU = Debug|Any CPU
		Release|Any CPU = Release|Any CPU
	EndGlobalSection
	GlobalSection(ProjectConfigurationPlatforms) = postSolution
		{876F99DD-AC53-46A9-8485-50C7B7B9F9DB}.Debug|Any CPU.ActiveCfg = Debug|Any CPU
		{876F99DD-AC53-46A9-8485-50C7B7B9F9DB}.Debug|Any CPU.Build.0 = Debug|Any CPU
		{876F99DD-AC53-46A9-8485-50C7B7B9F9DB}.Release|Any CPU.ActiveCfg = Release|Any CPU
		{876F99DD-AC53-46A9-8485-50C7B7B9F9DB}.Release|Any CPU.Build.0 = Release|Any CPU
		{8B7D6A76-AC31-4D68-ABAF-E4561B5109A9}.Debug|Any CPU.ActiveCfg = Debug|Any CPU
		{8B7D6A76-AC31-4D68-ABAF-E4561B5109A9}.Debug|Any CPU.Build.0 = Debug|Any CPU
		{8B7D6A76-AC31-4D68-ABAF-E4561B5109A9}.Release|Any CPU.ActiveCfg = Release|Any CPU
		{8B7D6A76-AC31-4D68-ABAF-E4561B5109A9}.Release|Any CPU.Build.0 = Release|Any CPU
		{BA337F0C-C7ED-4C37-8D12-66A5B7B3A38C}.Debug|Any CPU.ActiveCfg = Debug|Any CPU
		{BA337F0C-C7ED-4C37-8D12-66A5B7B3A38C}.Debug|Any CPU.Build.0 = Debug|Any CPU
		{BA337F0C-C7ED-4C37-8D12-66A5B7B3A38C}.Release|Any CPU.ActiveCfg = Release|Any CPU
		{BA337F0C-C7ED-4C37-8D12-66A5B7B3A38C}.Release|Any CPU.Build.0 = Release|Any CPU
		{92ED44E3-4F56-40C6-93B7-6AFC87658EDC}.Debug|Any CPU.ActiveCfg = Debug|Any CPU
		{92ED44E3-4F56-40C6-93B7-6AFC87658EDC}.Debug|Any CPU.Build.0 = Debug|Any CPU
		{92ED44E3-4F56-40C6-93B7-6AFC87658EDC}.Release|Any CPU.ActiveCfg = Release|Any CPU
		{92ED44E3-4F56-40C6-93B7-6AFC87658EDC}.Release|Any CPU.Build.0 = Release|Any CPU
	EndGlobalSection
	GlobalSection(SolutionProperties) = preSolution
		HideSolutionNode = FALSE
	EndGlobalSection
	GlobalSection(ExtensibilityGlobals) = postSolution
		SolutionGuid = {52F50922-B072-4221-95F6-EBBBC7EEFCCA}
	EndGlobalSection
EndGlobal
