
Microsoft Visual Studio Solution File, Format Version 12.00
# Visual Studio Version 16
VisualStudioVersion = 16.0.30204.135
MinimumVisualStudioVersion = 10.0.40219.1
Project("{8BC9CEB8-8B4A-11D0-8D11-00A0C91BC942}") = "Übung03", "Übung03\Übung03.vcxproj", "{E45B312D-70A0-4047-AA11-41751C029BF8}"
EndProject
Project("{8BC9CEB8-8B4A-11D0-8D11-00A0C91BC942}") = "Übung04", "Übung04\Übung04.vcxproj", "{F3E68723-2181-402A-AE82-2D6BAF499018}"
EndProject
Project("{8BC9CEB8-8B4A-11D0-8D11-00A0C91BC942}") = "Übung05", "Übung05\Übung05.vcxproj", "{81D78A55-1659-4448-9BA6-244655DC9E48}"
EndProject
Project("{8BC9CEB8-8B4A-11D0-8D11-00A0C91BC942}") = "Übung03INT", "Übung03INT\Übung03INT.vcxproj", "{DFCA1057-691A-47BD-85CC-1CF0B22E7F22}"
EndProject
Project("{8BC9CEB8-8B4A-11D0-8D11-00A0C91BC942}") = "Aufgabe04", "Aufgabe04\Aufgabe04.vcxproj", "{D1FC2D1D-8193-4CCC-8E77-EE29A6277A31}"
EndProject
Project("{8BC9CEB8-8B4A-11D0-8D11-00A0C91BC942}") = "Zusatz01", "Zusatz01\Zusatz01.vcxproj", "{8CA51B7B-3321-4907-B7D0-8AF26FACA0C6}"
EndProject
Project("{8BC9CEB8-8B4A-11D0-8D11-00A0C91BC942}") = "Zusatz02", "Zusatz02\Zusatz02.vcxproj", "{7CA443C6-FCAD-4E3B-A156-6F6391023719}"
EndProject
Global
	GlobalSection(SolutionConfigurationPlatforms) = preSolution
		Debug|x64 = Debug|x64
		Debug|x86 = Debug|x86
		Release|x64 = Release|x64
		Release|x86 = Release|x86
	EndGlobalSection
	GlobalSection(ProjectConfigurationPlatforms) = postSolution
		{E45B312D-70A0-4047-AA11-41751C029BF8}.Debug|x64.ActiveCfg = Debug|x64
		{E45B312D-70A0-4047-AA11-41751C029BF8}.Debug|x64.Build.0 = Debug|x64
		{E45B312D-70A0-4047-AA11-41751C029BF8}.Debug|x86.ActiveCfg = Debug|Win32
		{E45B312D-70A0-4047-AA11-41751C029BF8}.Debug|x86.Build.0 = Debug|Win32
		{E45B312D-70A0-4047-AA11-41751C029BF8}.Release|x64.ActiveCfg = Release|x64
		{E45B312D-70A0-4047-AA11-41751C029BF8}.Release|x64.Build.0 = Release|x64
		{E45B312D-70A0-4047-AA11-41751C029BF8}.Release|x86.ActiveCfg = Release|Win32
		{E45B312D-70A0-4047-AA11-41751C029BF8}.Release|x86.Build.0 = Release|Win32
		{F3E68723-2181-402A-AE82-2D6BAF499018}.Debug|x64.ActiveCfg = Debug|x64
		{F3E68723-2181-402A-AE82-2D6BAF499018}.Debug|x64.Build.0 = Debug|x64
		{F3E68723-2181-402A-AE82-2D6BAF499018}.Debug|x86.ActiveCfg = Debug|Win32
		{F3E68723-2181-402A-AE82-2D6BAF499018}.Debug|x86.Build.0 = Debug|Win32
		{F3E68723-2181-402A-AE82-2D6BAF499018}.Release|x64.ActiveCfg = Release|x64
		{F3E68723-2181-402A-AE82-2D6BAF499018}.Release|x64.Build.0 = Release|x64
		{F3E68723-2181-402A-AE82-2D6BAF499018}.Release|x86.ActiveCfg = Release|Win32
		{F3E68723-2181-402A-AE82-2D6BAF499018}.Release|x86.Build.0 = Release|Win32
		{81D78A55-1659-4448-9BA6-244655DC9E48}.Debug|x64.ActiveCfg = Debug|x64
		{81D78A55-1659-4448-9BA6-244655DC9E48}.Debug|x64.Build.0 = Debug|x64
		{81D78A55-1659-4448-9BA6-244655DC9E48}.Debug|x86.ActiveCfg = Debug|Win32
		{81D78A55-1659-4448-9BA6-244655DC9E48}.Debug|x86.Build.0 = Debug|Win32
		{81D78A55-1659-4448-9BA6-244655DC9E48}.Release|x64.ActiveCfg = Release|x64
		{81D78A55-1659-4448-9BA6-244655DC9E48}.Release|x64.Build.0 = Release|x64
		{81D78A55-1659-4448-9BA6-244655DC9E48}.Release|x86.ActiveCfg = Release|Win32
		{81D78A55-1659-4448-9BA6-244655DC9E48}.Release|x86.Build.0 = Release|Win32
		{DFCA1057-691A-47BD-85CC-1CF0B22E7F22}.Debug|x64.ActiveCfg = Debug|x64
		{DFCA1057-691A-47BD-85CC-1CF0B22E7F22}.Debug|x64.Build.0 = Debug|x64
		{DFCA1057-691A-47BD-85CC-1CF0B22E7F22}.Debug|x86.ActiveCfg = Debug|Win32
		{DFCA1057-691A-47BD-85CC-1CF0B22E7F22}.Debug|x86.Build.0 = Debug|Win32
		{DFCA1057-691A-47BD-85CC-1CF0B22E7F22}.Release|x64.ActiveCfg = Release|x64
		{DFCA1057-691A-47BD-85CC-1CF0B22E7F22}.Release|x64.Build.0 = Release|x64
		{DFCA1057-691A-47BD-85CC-1CF0B22E7F22}.Release|x86.ActiveCfg = Release|Win32
		{DFCA1057-691A-47BD-85CC-1CF0B22E7F22}.Release|x86.Build.0 = Release|Win32
		{D1FC2D1D-8193-4CCC-8E77-EE29A6277A31}.Debug|x64.ActiveCfg = Debug|x64
		{D1FC2D1D-8193-4CCC-8E77-EE29A6277A31}.Debug|x64.Build.0 = Debug|x64
		{D1FC2D1D-8193-4CCC-8E77-EE29A6277A31}.Debug|x86.ActiveCfg = Debug|Win32
		{D1FC2D1D-8193-4CCC-8E77-EE29A6277A31}.Debug|x86.Build.0 = Debug|Win32
		{D1FC2D1D-8193-4CCC-8E77-EE29A6277A31}.Release|x64.ActiveCfg = Release|x64
		{D1FC2D1D-8193-4CCC-8E77-EE29A6277A31}.Release|x64.Build.0 = Release|x64
		{D1FC2D1D-8193-4CCC-8E77-EE29A6277A31}.Release|x86.ActiveCfg = Release|Win32
		{D1FC2D1D-8193-4CCC-8E77-EE29A6277A31}.Release|x86.Build.0 = Release|Win32
		{8CA51B7B-3321-4907-B7D0-8AF26FACA0C6}.Debug|x64.ActiveCfg = Debug|x64
		{8CA51B7B-3321-4907-B7D0-8AF26FACA0C6}.Debug|x64.Build.0 = Debug|x64
		{8CA51B7B-3321-4907-B7D0-8AF26FACA0C6}.Debug|x86.ActiveCfg = Debug|Win32
		{8CA51B7B-3321-4907-B7D0-8AF26FACA0C6}.Debug|x86.Build.0 = Debug|Win32
		{8CA51B7B-3321-4907-B7D0-8AF26FACA0C6}.Release|x64.ActiveCfg = Release|x64
		{8CA51B7B-3321-4907-B7D0-8AF26FACA0C6}.Release|x64.Build.0 = Release|x64
		{8CA51B7B-3321-4907-B7D0-8AF26FACA0C6}.Release|x86.ActiveCfg = Release|Win32
		{8CA51B7B-3321-4907-B7D0-8AF26FACA0C6}.Release|x86.Build.0 = Release|Win32
		{7CA443C6-FCAD-4E3B-A156-6F6391023719}.Debug|x64.ActiveCfg = Debug|x64
		{7CA443C6-FCAD-4E3B-A156-6F6391023719}.Debug|x64.Build.0 = Debug|x64
		{7CA443C6-FCAD-4E3B-A156-6F6391023719}.Debug|x86.ActiveCfg = Debug|Win32
		{7CA443C6-FCAD-4E3B-A156-6F6391023719}.Debug|x86.Build.0 = Debug|Win32
		{7CA443C6-FCAD-4E3B-A156-6F6391023719}.Release|x64.ActiveCfg = Release|x64
		{7CA443C6-FCAD-4E3B-A156-6F6391023719}.Release|x64.Build.0 = Release|x64
		{7CA443C6-FCAD-4E3B-A156-6F6391023719}.Release|x86.ActiveCfg = Release|Win32
		{7CA443C6-FCAD-4E3B-A156-6F6391023719}.Release|x86.Build.0 = Release|Win32
	EndGlobalSection
	GlobalSection(SolutionProperties) = preSolution
		HideSolutionNode = FALSE
	EndGlobalSection
	GlobalSection(ExtensibilityGlobals) = postSolution
		SolutionGuid = {78F50CDF-32EA-442C-B1E2-9ADA5F87E898}
	EndGlobalSection
EndGlobal
