
Microsoft Visual Studio Solution File, Format Version 12.00
# Visual Studio Version 16
VisualStudioVersion = 16.0.30413.136
MinimumVisualStudioVersion = 10.0.40219.1
Project("{8BC9CEB8-8B4A-11D0-8D11-00A0C91BC942}") = "Aufgabe_01", "Aufgabe_01\Aufgabe_01.vcxproj", "{9B8916B1-EB13-4897-9695-7F9310F56794}"
EndProject
Project("{8BC9CEB8-8B4A-11D0-8D11-00A0C91BC942}") = "Aufgabe_02", "Aufgabe_02\Aufgabe_02.vcxproj", "{D16827FA-5CA6-4753-BDB6-35CA6445AEFB}"
EndProject
Project("{8BC9CEB8-8B4A-11D0-8D11-00A0C91BC942}") = "Aufgabe_03", "Aufgabe_03\Aufgabe_03.vcxproj", "{513A7ECC-D7B1-4435-8D38-618F7BF227F8}"
EndProject
Project("{8BC9CEB8-8B4A-11D0-8D11-00A0C91BC942}") = "Aufgabe_04", "Aufgabe_04\Aufgabe_04.vcxproj", "{1D62DA14-24C7-48B7-B2C2-A4BCFFE74DC2}"
EndProject
Project("{8BC9CEB8-8B4A-11D0-8D11-00A0C91BC942}") = "Aufgabe_05", "Aufgabe_05\Aufgabe_05.vcxproj", "{17AF7104-D40A-403C-B28E-99E724533E35}"
EndProject
Project("{8BC9CEB8-8B4A-11D0-8D11-00A0C91BC942}") = "Aufgabe_06", "Aufgabe_06\Aufgabe_06.vcxproj", "{AF512E2D-FB4D-481F-B155-1BCC4ABEB43B}"
EndProject
Project("{8BC9CEB8-8B4A-11D0-8D11-00A0C91BC942}") = "Aufgabe_07", "Aufgabe_07\Aufgabe_07.vcxproj", "{3CB812D7-0737-438D-B8BF-9FF0DE7A89DE}"
EndProject
Project("{8BC9CEB8-8B4A-11D0-8D11-00A0C91BC942}") = "Aufgabe_08", "Aufgabe_08\Aufgabe_08.vcxproj", "{E125147B-03A1-4D0A-8163-04DAB795D0C7}"
EndProject
Project("{8BC9CEB8-8B4A-11D0-8D11-00A0C91BC942}") = "Aufgabe_10", "Aufgabe_10\Aufgabe_10.vcxproj", "{1364911E-B9D0-4CA1-90DC-123F9E7F32E2}"
EndProject
Project("{8BC9CEB8-8B4A-11D0-8D11-00A0C91BC942}") = "Aufgabe_15", "Aufgabe_15\Aufgabe_15.vcxproj", "{F02E04DC-F48C-4D7D-9100-203876D0F8FE}"
EndProject
Project("{8BC9CEB8-8B4A-11D0-8D11-00A0C91BC942}") = "Aufgabe_09", "Aufgabe_09\Aufgabe_09.vcxproj", "{CEB165D5-8DE1-4FBA-B0AD-61EF11A773E7}"
EndProject
Global
	GlobalSection(SolutionConfigurationPlatforms) = preSolution
		Debug|x64 = Debug|x64
		Debug|x86 = Debug|x86
		Release|x64 = Release|x64
		Release|x86 = Release|x86
	EndGlobalSection
	GlobalSection(ProjectConfigurationPlatforms) = postSolution
		{9B8916B1-EB13-4897-9695-7F9310F56794}.Debug|x64.ActiveCfg = Debug|x64
		{9B8916B1-EB13-4897-9695-7F9310F56794}.Debug|x64.Build.0 = Debug|x64
		{9B8916B1-EB13-4897-9695-7F9310F56794}.Debug|x86.ActiveCfg = Debug|Win32
		{9B8916B1-EB13-4897-9695-7F9310F56794}.Debug|x86.Build.0 = Debug|Win32
		{9B8916B1-EB13-4897-9695-7F9310F56794}.Release|x64.ActiveCfg = Release|x64
		{9B8916B1-EB13-4897-9695-7F9310F56794}.Release|x64.Build.0 = Release|x64
		{9B8916B1-EB13-4897-9695-7F9310F56794}.Release|x86.ActiveCfg = Release|Win32
		{9B8916B1-EB13-4897-9695-7F9310F56794}.Release|x86.Build.0 = Release|Win32
		{D16827FA-5CA6-4753-BDB6-35CA6445AEFB}.Debug|x64.ActiveCfg = Debug|x64
		{D16827FA-5CA6-4753-BDB6-35CA6445AEFB}.Debug|x64.Build.0 = Debug|x64
		{D16827FA-5CA6-4753-BDB6-35CA6445AEFB}.Debug|x86.ActiveCfg = Debug|Win32
		{D16827FA-5CA6-4753-BDB6-35CA6445AEFB}.Debug|x86.Build.0 = Debug|Win32
		{D16827FA-5CA6-4753-BDB6-35CA6445AEFB}.Release|x64.ActiveCfg = Release|x64
		{D16827FA-5CA6-4753-BDB6-35CA6445AEFB}.Release|x64.Build.0 = Release|x64
		{D16827FA-5CA6-4753-BDB6-35CA6445AEFB}.Release|x86.ActiveCfg = Release|Win32
		{D16827FA-5CA6-4753-BDB6-35CA6445AEFB}.Release|x86.Build.0 = Release|Win32
		{513A7ECC-D7B1-4435-8D38-618F7BF227F8}.Debug|x64.ActiveCfg = Debug|x64
		{513A7ECC-D7B1-4435-8D38-618F7BF227F8}.Debug|x64.Build.0 = Debug|x64
		{513A7ECC-D7B1-4435-8D38-618F7BF227F8}.Debug|x86.ActiveCfg = Debug|Win32
		{513A7ECC-D7B1-4435-8D38-618F7BF227F8}.Debug|x86.Build.0 = Debug|Win32
		{513A7ECC-D7B1-4435-8D38-618F7BF227F8}.Release|x64.ActiveCfg = Release|x64
		{513A7ECC-D7B1-4435-8D38-618F7BF227F8}.Release|x64.Build.0 = Release|x64
		{513A7ECC-D7B1-4435-8D38-618F7BF227F8}.Release|x86.ActiveCfg = Release|Win32
		{513A7ECC-D7B1-4435-8D38-618F7BF227F8}.Release|x86.Build.0 = Release|Win32
		{1D62DA14-24C7-48B7-B2C2-A4BCFFE74DC2}.Debug|x64.ActiveCfg = Debug|x64
		{1D62DA14-24C7-48B7-B2C2-A4BCFFE74DC2}.Debug|x64.Build.0 = Debug|x64
		{1D62DA14-24C7-48B7-B2C2-A4BCFFE74DC2}.Debug|x86.ActiveCfg = Debug|Win32
		{1D62DA14-24C7-48B7-B2C2-A4BCFFE74DC2}.Debug|x86.Build.0 = Debug|Win32
		{1D62DA14-24C7-48B7-B2C2-A4BCFFE74DC2}.Release|x64.ActiveCfg = Release|x64
		{1D62DA14-24C7-48B7-B2C2-A4BCFFE74DC2}.Release|x64.Build.0 = Release|x64
		{1D62DA14-24C7-48B7-B2C2-A4BCFFE74DC2}.Release|x86.ActiveCfg = Release|Win32
		{1D62DA14-24C7-48B7-B2C2-A4BCFFE74DC2}.Release|x86.Build.0 = Release|Win32
		{17AF7104-D40A-403C-B28E-99E724533E35}.Debug|x64.ActiveCfg = Debug|x64
		{17AF7104-D40A-403C-B28E-99E724533E35}.Debug|x64.Build.0 = Debug|x64
		{17AF7104-D40A-403C-B28E-99E724533E35}.Debug|x86.ActiveCfg = Debug|Win32
		{17AF7104-D40A-403C-B28E-99E724533E35}.Debug|x86.Build.0 = Debug|Win32
		{17AF7104-D40A-403C-B28E-99E724533E35}.Release|x64.ActiveCfg = Release|x64
		{17AF7104-D40A-403C-B28E-99E724533E35}.Release|x64.Build.0 = Release|x64
		{17AF7104-D40A-403C-B28E-99E724533E35}.Release|x86.ActiveCfg = Release|Win32
		{17AF7104-D40A-403C-B28E-99E724533E35}.Release|x86.Build.0 = Release|Win32
		{AF512E2D-FB4D-481F-B155-1BCC4ABEB43B}.Debug|x64.ActiveCfg = Debug|x64
		{AF512E2D-FB4D-481F-B155-1BCC4ABEB43B}.Debug|x64.Build.0 = Debug|x64
		{AF512E2D-FB4D-481F-B155-1BCC4ABEB43B}.Debug|x86.ActiveCfg = Debug|Win32
		{AF512E2D-FB4D-481F-B155-1BCC4ABEB43B}.Debug|x86.Build.0 = Debug|Win32
		{AF512E2D-FB4D-481F-B155-1BCC4ABEB43B}.Release|x64.ActiveCfg = Release|x64
		{AF512E2D-FB4D-481F-B155-1BCC4ABEB43B}.Release|x64.Build.0 = Release|x64
		{AF512E2D-FB4D-481F-B155-1BCC4ABEB43B}.Release|x86.ActiveCfg = Release|Win32
		{AF512E2D-FB4D-481F-B155-1BCC4ABEB43B}.Release|x86.Build.0 = Release|Win32
		{3CB812D7-0737-438D-B8BF-9FF0DE7A89DE}.Debug|x64.ActiveCfg = Debug|x64
		{3CB812D7-0737-438D-B8BF-9FF0DE7A89DE}.Debug|x64.Build.0 = Debug|x64
		{3CB812D7-0737-438D-B8BF-9FF0DE7A89DE}.Debug|x86.ActiveCfg = Debug|Win32
		{3CB812D7-0737-438D-B8BF-9FF0DE7A89DE}.Debug|x86.Build.0 = Debug|Win32
		{3CB812D7-0737-438D-B8BF-9FF0DE7A89DE}.Release|x64.ActiveCfg = Release|x64
		{3CB812D7-0737-438D-B8BF-9FF0DE7A89DE}.Release|x64.Build.0 = Release|x64
		{3CB812D7-0737-438D-B8BF-9FF0DE7A89DE}.Release|x86.ActiveCfg = Release|Win32
		{3CB812D7-0737-438D-B8BF-9FF0DE7A89DE}.Release|x86.Build.0 = Release|Win32
		{E125147B-03A1-4D0A-8163-04DAB795D0C7}.Debug|x64.ActiveCfg = Debug|x64
		{E125147B-03A1-4D0A-8163-04DAB795D0C7}.Debug|x64.Build.0 = Debug|x64
		{E125147B-03A1-4D0A-8163-04DAB795D0C7}.Debug|x86.ActiveCfg = Debug|Win32
		{E125147B-03A1-4D0A-8163-04DAB795D0C7}.Debug|x86.Build.0 = Debug|Win32
		{E125147B-03A1-4D0A-8163-04DAB795D0C7}.Release|x64.ActiveCfg = Release|x64
		{E125147B-03A1-4D0A-8163-04DAB795D0C7}.Release|x64.Build.0 = Release|x64
		{E125147B-03A1-4D0A-8163-04DAB795D0C7}.Release|x86.ActiveCfg = Release|Win32
		{E125147B-03A1-4D0A-8163-04DAB795D0C7}.Release|x86.Build.0 = Release|Win32
		{1364911E-B9D0-4CA1-90DC-123F9E7F32E2}.Debug|x64.ActiveCfg = Debug|x64
		{1364911E-B9D0-4CA1-90DC-123F9E7F32E2}.Debug|x64.Build.0 = Debug|x64
		{1364911E-B9D0-4CA1-90DC-123F9E7F32E2}.Debug|x86.ActiveCfg = Debug|Win32
		{1364911E-B9D0-4CA1-90DC-123F9E7F32E2}.Debug|x86.Build.0 = Debug|Win32
		{1364911E-B9D0-4CA1-90DC-123F9E7F32E2}.Release|x64.ActiveCfg = Release|x64
		{1364911E-B9D0-4CA1-90DC-123F9E7F32E2}.Release|x64.Build.0 = Release|x64
		{1364911E-B9D0-4CA1-90DC-123F9E7F32E2}.Release|x86.ActiveCfg = Release|Win32
		{1364911E-B9D0-4CA1-90DC-123F9E7F32E2}.Release|x86.Build.0 = Release|Win32
		{F02E04DC-F48C-4D7D-9100-203876D0F8FE}.Debug|x64.ActiveCfg = Debug|x64
		{F02E04DC-F48C-4D7D-9100-203876D0F8FE}.Debug|x64.Build.0 = Debug|x64
		{F02E04DC-F48C-4D7D-9100-203876D0F8FE}.Debug|x86.ActiveCfg = Debug|Win32
		{F02E04DC-F48C-4D7D-9100-203876D0F8FE}.Debug|x86.Build.0 = Debug|Win32
		{F02E04DC-F48C-4D7D-9100-203876D0F8FE}.Release|x64.ActiveCfg = Release|x64
		{F02E04DC-F48C-4D7D-9100-203876D0F8FE}.Release|x64.Build.0 = Release|x64
		{F02E04DC-F48C-4D7D-9100-203876D0F8FE}.Release|x86.ActiveCfg = Release|Win32
		{F02E04DC-F48C-4D7D-9100-203876D0F8FE}.Release|x86.Build.0 = Release|Win32
		{CEB165D5-8DE1-4FBA-B0AD-61EF11A773E7}.Debug|x64.ActiveCfg = Debug|x64
		{CEB165D5-8DE1-4FBA-B0AD-61EF11A773E7}.Debug|x64.Build.0 = Debug|x64
		{CEB165D5-8DE1-4FBA-B0AD-61EF11A773E7}.Debug|x86.ActiveCfg = Debug|Win32
		{CEB165D5-8DE1-4FBA-B0AD-61EF11A773E7}.Debug|x86.Build.0 = Debug|Win32
		{CEB165D5-8DE1-4FBA-B0AD-61EF11A773E7}.Release|x64.ActiveCfg = Release|x64
		{CEB165D5-8DE1-4FBA-B0AD-61EF11A773E7}.Release|x64.Build.0 = Release|x64
		{CEB165D5-8DE1-4FBA-B0AD-61EF11A773E7}.Release|x86.ActiveCfg = Release|Win32
		{CEB165D5-8DE1-4FBA-B0AD-61EF11A773E7}.Release|x86.Build.0 = Release|Win32
	EndGlobalSection
	GlobalSection(SolutionProperties) = preSolution
		HideSolutionNode = FALSE
	EndGlobalSection
	GlobalSection(ExtensibilityGlobals) = postSolution
		SolutionGuid = {1A568C5A-260A-49F9-811B-AD46B0EB03DB}
	EndGlobalSection
EndGlobal
